
Microsoft Visual Studio Solution File, Format Version 12.00
# Visual Studio Version 16
VisualStudioVersion = 16.0.30413.136
MinimumVisualStudioVersion = 10.0.40219.1
Project("{FAE04EC0-301F-11D3-BF4B-00C04F79EFBC}") = "forms3", "forms3\forms3.csproj", "{7357D5C7-463D-40C4-AACB-487783EE3A19}"
EndProject
Global
	GlobalSection(SolutionConfigurationPlatforms) = preSolution
		Debug|Any CPU = Debug|Any CPU
		Release|Any CPU = Release|Any CPU
	EndGlobalSection
	GlobalSection(ProjectConfigurationPlatforms) = postSolution
		{7357D5C7-463D-40C4-AACB-487783EE3A19}.Debug|Any CPU.ActiveCfg = Debug|Any CPU
		{7357D5C7-463D-40C4-AACB-487783EE3A19}.Debug|Any CPU.Build.0 = Debug|Any CPU
		{7357D5C7-463D-40C4-AACB-487783EE3A19}.Release|Any CPU.ActiveCfg = Release|Any CPU
		{7357D5C7-463D-40C4-AACB-487783EE3A19}.Release|Any CPU.Build.0 = Release|Any CPU
	EndGlobalSection
	GlobalSection(SolutionProperties) = preSolution
		HideSolutionNode = FALSE
	EndGlobalSection
	GlobalSection(ExtensibilityGlobals) = postSolution
		SolutionGuid = {A6D234CC-35D1-40EC-ADC5-D60EBD062214}
	EndGlobalSection
EndGlobal
